// !$*UTF8*$!
{
	archiveVersion = 1;
	classes = {
	};
	objectVersion = 55;
	objects = {

/* Begin PBXBuildFile section */
		20B23942287CB7A300E93E82 /* AppDelegate.swift in Sources */ = {isa = PBXBuildFile; fileRef = 20B23941287CB7A300E93E82 /* AppDelegate.swift */; };
		20B23944287CB7A300E93E82 /* SceneDelegate.swift in Sources */ = {isa = PBXBuildFile; fileRef = 20B23943287CB7A300E93E82 /* SceneDelegate.swift */; };
		20B23946287CB7A300E93E82 /* MainViewController.swift in Sources */ = {isa = PBXBuildFile; fileRef = 20B23945287CB7A300E93E82 /* MainViewController.swift */; };
		20B23949287CB7A300E93E82 /* Main.storyboard in Resources */ = {isa = PBXBuildFile; fileRef = 20B23947287CB7A300E93E82 /* Main.storyboard */; };
		20B2394B287CB7A400E93E82 /* Assets.xcassets in Resources */ = {isa = PBXBuildFile; fileRef = 20B2394A287CB7A400E93E82 /* Assets.xcassets */; };
		20B2394E287CB7A400E93E82 /* LaunchScreen.storyboard in Resources */ = {isa = PBXBuildFile; fileRef = 20B2394C287CB7A400E93E82 /* LaunchScreen.storyboard */; };
		20B23958287CBB8300E93E82 /* UIViewExtension.swift in Sources */ = {isa = PBXBuildFile; fileRef = 20B23957287CBB8300E93E82 /* UIViewExtension.swift */; };
		20B2395A287CBBBC00E93E82 /* LoremIpsumViewCell.swift in Sources */ = {isa = PBXBuildFile; fileRef = 20B23959287CBBBC00E93E82 /* LoremIpsumViewCell.swift */; };
		20B2395D287CBFD300E93E82 /* NetworkError.swift in Sources */ = {isa = PBXBuildFile; fileRef = 20B2395C287CBFD300E93E82 /* NetworkError.swift */; };
		20B2395F287CBFEE00E93E82 /* NetworkManager.swift in Sources */ = {isa = PBXBuildFile; fileRef = 20B2395E287CBFEE00E93E82 /* NetworkManager.swift */; };
/* End PBXBuildFile section */

/* Begin PBXFileReference section */
		20B2393E287CB7A300E93E82 /* LoremPicsumApp.app */ = {isa = PBXFileReference; explicitFileType = wrapper.application; includeInIndex = 0; path = LoremPicsumApp.app; sourceTree = BUILT_PRODUCTS_DIR; };
		20B23941287CB7A300E93E82 /* AppDelegate.swift */ = {isa = PBXFileReference; lastKnownFileType = sourcecode.swift; path = AppDelegate.swift; sourceTree = "<group>"; };
		20B23943287CB7A300E93E82 /* SceneDelegate.swift */ = {isa = PBXFileReference; lastKnownFileType = sourcecode.swift; path = SceneDelegate.swift; sourceTree = "<group>"; };
		20B23945287CB7A300E93E82 /* MainViewController.swift */ = {isa = PBXFileReference; lastKnownFileType = sourcecode.swift; path = MainViewController.swift; sourceTree = "<group>"; };
		20B23948287CB7A300E93E82 /* Base */ = {isa = PBXFileReference; lastKnownFileType = file.storyboard; name = Base; path = Base.lproj/Main.storyboard; sourceTree = "<group>"; };
		20B2394A287CB7A400E93E82 /* Assets.xcassets */ = {isa = PBXFileReference; lastKnownFileType = folder.assetcatalog; path = Assets.xcassets; sourceTree = "<group>"; };
		20B2394D287CB7A400E93E82 /* Base */ = {isa = PBXFileReference; lastKnownFileType = file.storyboard; name = Base; path = Base.lproj/LaunchScreen.storyboard; sourceTree = "<group>"; };
		20B2394F287CB7A400E93E82 /* Info.plist */ = {isa = PBXFileReference; lastKnownFileType = text.plist.xml; path = Info.plist; sourceTree = "<group>"; };
		20B23957287CBB8300E93E82 /* UIViewExtension.swift */ = {isa = PBXFileReference; lastKnownFileType = sourcecode.swift; path = UIViewExtension.swift; sourceTree = "<group>"; };
		20B23959287CBBBC00E93E82 /* LoremIpsumViewCell.swift */ = {isa = PBXFileReference; lastKnownFileType = sourcecode.swift; path = LoremIpsumViewCell.swift; sourceTree = "<group>"; };
		20B2395C287CBFD300E93E82 /* NetworkError.swift */ = {isa = PBXFileReference; lastKnownFileType = sourcecode.swift; path = NetworkError.swift; sourceTree = "<group>"; };
		20B2395E287CBFEE00E93E82 /* NetworkManager.swift */ = {isa = PBXFileReference; lastKnownFileType = sourcecode.swift; path = NetworkManager.swift; sourceTree = "<group>"; };
/* End PBXFileReference section */

/* Begin PBXFrameworksBuildPhase section */
		20B2393B287CB7A300E93E82 /* Frameworks */ = {
			isa = PBXFrameworksBuildPhase;
			buildActionMask = 2147483647;
			files = (
			);
			runOnlyForDeploymentPostprocessing = 0;
		};
/* End PBXFrameworksBuildPhase section */

/* Begin PBXGroup section */
		20B23935287CB7A300E93E82 = {
			isa = PBXGroup;
			children = (
				20B23940287CB7A300E93E82 /* LoremPicsumApp */,
				20B2393F287CB7A300E93E82 /* Products */,
			);
			sourceTree = "<group>";
		};
		20B2393F287CB7A300E93E82 /* Products */ = {
			isa = PBXGroup;
			children = (
				20B2393E287CB7A300E93E82 /* LoremPicsumApp.app */,
			);
			name = Products;
			sourceTree = "<group>";
		};
		20B23940287CB7A300E93E82 /* LoremPicsumApp */ = {
			isa = PBXGroup;
			children = (
				20B2395B287CBFB600E93E82 /* Service */,
				20B23955287CBAB600E93E82 /* Views */,
				20B23956287CBACF00E93E82 /* Extensions */,
				20B23943287CB7A300E93E82 /* SceneDelegate.swift */,
				20B23941287CB7A300E93E82 /* AppDelegate.swift */,
				20B23947287CB7A300E93E82 /* Main.storyboard */,
				20B2394A287CB7A400E93E82 /* Assets.xcassets */,
				20B2394C287CB7A400E93E82 /* LaunchScreen.storyboard */,
				20B2394F287CB7A400E93E82 /* Info.plist */,
			);
			path = LoremPicsumApp;
			sourceTree = "<group>";
		};
		20B23955287CBAB600E93E82 /* Views */ = {
			isa = PBXGroup;
			children = (
				20B23945287CB7A300E93E82 /* MainViewController.swift */,
				20B23959287CBBBC00E93E82 /* LoremIpsumViewCell.swift */,
			);
			path = Views;
			sourceTree = "<group>";
		};
		20B23956287CBACF00E93E82 /* Extensions */ = {
			isa = PBXGroup;
			children = (
				20B23957287CBB8300E93E82 /* UIViewExtension.swift */,
			);
			path = Extensions;
			sourceTree = "<group>";
		};
		20B2395B287CBFB600E93E82 /* Service */ = {
			isa = PBXGroup;
			children = (
				20B2395C287CBFD300E93E82 /* NetworkError.swift */,
				20B2395E287CBFEE00E93E82 /* NetworkManager.swift */,
			);
			path = Service;
			sourceTree = "<group>";
		};
/* End PBXGroup section */

/* Begin PBXNativeTarget section */
		20B2393D287CB7A300E93E82 /* LoremPicsumApp */ = {
			isa = PBXNativeTarget;
			buildConfigurationList = 20B23952287CB7A400E93E82 /* Build configuration list for PBXNativeTarget "LoremPicsumApp" */;
			buildPhases = (
				20B2393A287CB7A300E93E82 /* Sources */,
				20B2393B287CB7A300E93E82 /* Frameworks */,
				20B2393C287CB7A300E93E82 /* Resources */,
			);
			buildRules = (
			);
			dependencies = (
			);
			name = LoremPicsumApp;
			productName = LoremPicsumApp;
			productReference = 20B2393E287CB7A300E93E82 /* LoremPicsumApp.app */;
			productType = "com.apple.product-type.application";
		};
/* End PBXNativeTarget section */

/* Begin PBXProject section */
		20B23936287CB7A300E93E82 /* Project object */ = {
			isa = PBXProject;
			attributes = {
				BuildIndependentTargetsInParallel = 1;
				LastSwiftUpdateCheck = 1340;
				LastUpgradeCheck = 1340;
				TargetAttributes = {
					20B2393D287CB7A300E93E82 = {
						CreatedOnToolsVersion = 13.4.1;
					};
				};
			};
			buildConfigurationList = 20B23939287CB7A300E93E82 /* Build configuration list for PBXProject "LoremPicsumApp" */;
			compatibilityVersion = "Xcode 13.0";
			developmentRegion = en;
			hasScannedForEncodings = 0;
			knownRegions = (
				en,
				Base,
			);
			mainGroup = 20B23935287CB7A300E93E82;
			productRefGroup = 20B2393F287CB7A300E93E82 /* Products */;
			projectDirPath = "";
			projectRoot = "";
			targets = (
				20B2393D287CB7A300E93E82 /* LoremPicsumApp */,
			);
		};
/* End PBXProject section */

/* Begin PBXResourcesBuildPhase section */
		20B2393C287CB7A300E93E82 /* Resources */ = {
			isa = PBXResourcesBuildPhase;
			buildActionMask = 2147483647;
			files = (
				20B2394E287CB7A400E93E82 /* LaunchScreen.storyboard in Resources */,
				20B2394B287CB7A400E93E82 /* Assets.xcassets in Resources */,
				20B23949287CB7A300E93E82 /* Main.storyboard in Resources */,
			);
			runOnlyForDeploymentPostprocessing = 0;
		};
/* End PBXResourcesBuildPhase section */

/* Begin PBXSourcesBuildPhase section */
		20B2393A287CB7A300E93E82 /* Sources */ = {
			isa = PBXSourcesBuildPhase;
			buildActionMask = 2147483647;
			files = (
				20B2395A287CBBBC00E93E82 /* LoremIpsumViewCell.swift in Sources */,
				20B23946287CB7A300E93E82 /* MainViewController.swift in Sources */,
				20B23942287CB7A300E93E82 /* AppDelegate.swift in Sources */,
				20B2395F287CBFEE00E93E82 /* NetworkManager.swift in Sources */,
				20B2395D287CBFD300E93E82 /* NetworkError.swift in Sources */,
				20B23958287CBB8300E93E82 /* UIViewExtension.swift in Sources */,
				20B23944287CB7A300E93E82 /* SceneDelegate.swift in Sources */,
			);
			runOnlyForDeploymentPostprocessing = 0;
		};
/* End PBXSourcesBuildPhase section */

/* Begin PBXVariantGroup section */
		20B23947287CB7A300E93E82 /* Main.storyboard */ = {
			isa = PBXVariantGroup;
			children = (
				20B23948287CB7A300E93E82 /* Base */,
			);
			name = Main.storyboard;
			sourceTree = "<group>";
		};
		20B2394C287CB7A400E93E82 /* LaunchScreen.storyboard */ = {
			isa = PBXVariantGroup;
			children = (
				20B2394D287CB7A400E93E82 /* Base */,
			);
			name = LaunchScreen.storyboard;
			sourceTree = "<group>";
		};
/* End PBXVariantGroup section */

/* Begin XCBuildConfiguration section */
		20B23950287CB7A400E93E82 /* Debug */ = {
			isa = XCBuildConfiguration;
			buildSettings = {
				ALWAYS_SEARCH_USER_PATHS = NO;
				CLANG_ANALYZER_NONNULL = YES;
				CLANG_ANALYZER_NUMBER_OBJECT_CONVERSION = YES_AGGRESSIVE;
				CLANG_CXX_LANGUAGE_STANDARD = "gnu++17";
				CLANG_ENABLE_MODULES = YES;
				CLANG_ENABLE_OBJC_ARC = YES;
				CLANG_ENABLE_OBJC_WEAK = YES;
				CLANG_WARN_BLOCK_CAPTURE_AUTORELEASING = YES;
				CLANG_WARN_BOOL_CONVERSION = YES;
				CLANG_WARN_COMMA = YES;
				CLANG_WARN_CONSTANT_CONVERSION = YES;
				CLANG_WARN_DEPRECATED_OBJC_IMPLEMENTATIONS = YES;
				CLANG_WARN_DIRECT_OBJC_ISA_USAGE = YES_ERROR;
				CLANG_WARN_DOCUMENTATION_COMMENTS = YES;
				CLANG_WARN_EMPTY_BODY = YES;
				CLANG_WARN_ENUM_CONVERSION = YES;
				CLANG_WARN_INFINITE_RECURSION = YES;
				CLANG_WARN_INT_CONVERSION = YES;
				CLANG_WARN_NON_LITERAL_NULL_CONVERSION = YES;
				CLANG_WARN_OBJC_IMPLICIT_RETAIN_SELF = YES;
				CLANG_WARN_OBJC_LITERAL_CONVERSION = YES;
				CLANG_WARN_OBJC_ROOT_CLASS = YES_ERROR;
				CLANG_WARN_QUOTED_INCLUDE_IN_FRAMEWORK_HEADER = YES;
				CLANG_WARN_RANGE_LOOP_ANALYSIS = YES;
				CLANG_WARN_STRICT_PROTOTYPES = YES;
				CLANG_WARN_SUSPICIOUS_MOVE = YES;
				CLANG_WARN_UNGUARDED_AVAILABILITY = YES_AGGRESSIVE;
				CLANG_WARN_UNREACHABLE_CODE = YES;
				CLANG_WARN__DUPLICATE_METHOD_MATCH = YES;
				COPY_PHASE_STRIP = NO;
				DEBUG_INFORMATION_FORMAT = dwarf;
				ENABLE_STRICT_OBJC_MSGSEND = YES;
				ENABLE_TESTABILITY = YES;
				GCC_C_LANGUAGE_STANDARD = gnu11;
				GCC_DYNAMIC_NO_PIC = NO;
				GCC_NO_COMMON_BLOCKS = YES;
				GCC_OPTIMIZATION_LEVEL = 0;
				GCC_PREPROCESSOR_DEFINITIONS = (
					"DEBUG=1",
					"$(inherited)",
				);
				GCC_WARN_64_TO_32_BIT_CONVERSION = YES;
				GCC_WARN_ABOUT_RETURN_TYPE = YES_ERROR;
				GCC_WARN_UNDECLARED_SELECTOR = YES;
				GCC_WARN_UNINITIALIZED_AUTOS = YES_AGGRESSIVE;
				GCC_WARN_UNUSED_FUNCTION = YES;
				GCC_WARN_UNUSED_VARIABLE = YES;
				IPHONEOS_DEPLOYMENT_TARGET = 15.5;
				MTL_ENABLE_DEBUG_INFO = INCLUDE_SOURCE;
				MTL_FAST_MATH = YES;
				ONLY_ACTIVE_ARCH = YES;
				SDKROOT = iphoneos;
				SWIFT_ACTIVE_COMPILATION_CONDITIONS = DEBUG;
				SWIFT_OPTIMIZATION_LEVEL = "-Onone";
			};
			name = Debug;
		};
		20B23951287CB7A400E93E82 /* Release */ = {
			isa = XCBuildConfiguration;
			buildSettings = {
				ALWAYS_SEARCH_USER_PATHS = NO;
				CLANG_ANALYZER_NONNULL = YES;
				CLANG_ANALYZER_NUMBER_OBJECT_CONVERSION = YES_AGGRESSIVE;
				CLANG_CXX_LANGUAGE_STANDARD = "gnu++17";
				CLANG_ENABLE_MODULES = YES;
				CLANG_ENABLE_OBJC_ARC = YES;
				CLANG_ENABLE_OBJC_WEAK = YES;
				CLANG_WARN_BLOCK_CAPTURE_AUTORELEASING = YES;
				CLANG_WARN_BOOL_CONVERSION = YES;
				CLANG_WARN_COMMA = YES;
				CLANG_WARN_CONSTANT_CONVERSION = YES;
				CLANG_WARN_DEPRECATED_OBJC_IMPLEMENTATIONS = YES;
				CLANG_WARN_DIRECT_OBJC_ISA_USAGE = YES_ERROR;
				CLANG_WARN_DOCUMENTATION_COMMENTS = YES;
				CLANG_WARN_EMPTY_BODY = YES;
				CLANG_WARN_ENUM_CONVERSION = YES;
				CLANG_WARN_INFINITE_RECURSION = YES;
				CLANG_WARN_INT_CONVERSION = YES;
				CLANG_WARN_NON_LITERAL_NULL_CONVERSION = YES;
				CLANG_WARN_OBJC_IMPLICIT_RETAIN_SELF = YES;
				CLANG_WARN_OBJC_LITERAL_CONVERSION = YES;
				CLANG_WARN_OBJC_ROOT_CLASS = YES_ERROR;
				CLANG_WARN_QUOTED_INCLUDE_IN_FRAMEWORK_HEADER = YES;
				CLANG_WARN_RANGE_LOOP_ANALYSIS = YES;
				CLANG_WARN_STRICT_PROTOTYPES = YES;
				CLANG_WARN_SUSPICIOUS_MOVE = YES;
				CLANG_WARN_UNGUARDED_AVAILABILITY = YES_AGGRESSIVE;
				CLANG_WARN_UNREACHABLE_CODE = YES;
				CLANG_WARN__DUPLICATE_METHOD_MATCH = YES;
				COPY_PHASE_STRIP = NO;
				DEBUG_INFORMATION_FORMAT = "dwarf-with-dsym";
				ENABLE_NS_ASSERTIONS = NO;
				ENABLE_STRICT_OBJC_MSGSEND = YES;
				GCC_C_LANGUAGE_STANDARD = gnu11;
				GCC_NO_COMMON_BLOCKS = YES;
				GCC_WARN_64_TO_32_BIT_CONVERSION = YES;
				GCC_WARN_ABOUT_RETURN_TYPE = YES_ERROR;
				GCC_WARN_UNDECLARED_SELECTOR = YES;
				GCC_WARN_UNINITIALIZED_AUTOS = YES_AGGRESSIVE;
				GCC_WARN_UNUSED_FUNCTION = YES;
				GCC_WARN_UNUSED_VARIABLE = YES;
				IPHONEOS_DEPLOYMENT_TARGET = 15.5;
				MTL_ENABLE_DEBUG_INFO = NO;
				MTL_FAST_MATH = YES;
				SDKROOT = iphoneos;
				SWIFT_COMPILATION_MODE = wholemodule;
				SWIFT_OPTIMIZATION_LEVEL = "-O";
				VALIDATE_PRODUCT = YES;
			};
			name = Release;
		};
		20B23953287CB7A400E93E82 /* Debug */ = {
			isa = XCBuildConfiguration;
			buildSettings = {
				ASSETCATALOG_COMPILER_APPICON_NAME = AppIcon;
				ASSETCATALOG_COMPILER_GLOBAL_ACCENT_COLOR_NAME = AccentColor;
				CODE_SIGN_STYLE = Automatic;
				CURRENT_PROJECT_VERSION = 1;
				GENERATE_INFOPLIST_FILE = YES;
				INFOPLIST_FILE = LoremPicsumApp/Info.plist;
				INFOPLIST_KEY_UIApplicationSupportsIndirectInputEvents = YES;
				INFOPLIST_KEY_UILaunchStoryboardName = LaunchScreen;
				INFOPLIST_KEY_UIMainStoryboardFile = Main;
				INFOPLIST_KEY_UISupportedInterfaceOrientations_iPad = "UIInterfaceOrientationPortrait UIInterfaceOrientationPortraitUpsideDown UIInterfaceOrientationLandscapeLeft UIInterfaceOrientationLandscapeRight";
				INFOPLIST_KEY_UISupportedInterfaceOrientations_iPhone = "UIInterfaceOrientationPortrait UIInterfaceOrientationLandscapeLeft UIInterfaceOrientationLandscapeRight";
				LD_RUNPATH_SEARCH_PATHS = (
					"$(inherited)",
					"@executable_path/Frameworks",
				);
				MARKETING_VERSION = 1.0;
				PRODUCT_BUNDLE_IDENTIFIER = "kry-inc.LoremPicsumApp";
				PRODUCT_NAME = "$(TARGET_NAME)";
				SWIFT_EMIT_LOC_STRINGS = YES;
				SWIFT_VERSION = 5.0;
				TARGETED_DEVICE_FAMILY = "1,2";
			};
			name = Debug;
		};
		20B23954287CB7A400E93E82 /* Release */ = {
			isa = XCBuildConfiguration;
			buildSettings = {
				ASSETCATALOG_COMPILER_APPICON_NAME = AppIcon;
				ASSETCATALOG_COMPILER_GLOBAL_ACCENT_COLOR_NAME = AccentColor;
				CODE_SIGN_STYLE = Automatic;
				CURRENT_PROJECT_VERSION = 1;
				GENERATE_INFOPLIST_FILE = YES;
				INFOPLIST_FILE = LoremPicsumApp/Info.plist;
				INFOPLIST_KEY_UIApplicationSupportsIndirectInputEvents = YES;
				INFOPLIST_KEY_UILaunchStoryboardName = LaunchScreen;
				INFOPLIST_KEY_UIMainStoryboardFile = Main;
				INFOPLIST_KEY_UISupportedInterfaceOrientations_iPad = "UIInterfaceOrientationPortrait UIInterfaceOrientationPortraitUpsideDown UIInterfaceOrientationLandscapeLeft UIInterfaceOrientationLandscapeRight";
				INFOPLIST_KEY_UISupportedInterfaceOrientations_iPhone = "UIInterfaceOrientationPortrait UIInterfaceOrientationLandscapeLeft UIInterfaceOrientationLandscapeRight";
				LD_RUNPATH_SEARCH_PATHS = (
					"$(inherited)",
					"@executable_path/Frameworks",
				);
				MARKETING_VERSION = 1.0;
				PRODUCT_BUNDLE_IDENTIFIER = "kry-inc.LoremPicsumApp";
				PRODUCT_NAME = "$(TARGET_NAME)";
				SWIFT_EMIT_LOC_STRINGS = YES;
				SWIFT_VERSION = 5.0;
				TARGETED_DEVICE_FAMILY = "1,2";
			};
			name = Release;
		};
/* End XCBuildConfiguration section */

/* Begin XCConfigurationList section */
		20B23939287CB7A300E93E82 /* Build configuration list for PBXProject "LoremPicsumApp" */ = {
			isa = XCConfigurationList;
			buildConfigurations = (
				20B23950287CB7A400E93E82 /* Debug */,
				20B23951287CB7A400E93E82 /* Release */,
			);
			defaultConfigurationIsVisible = 0;
			defaultConfigurationName = Release;
		};
		20B23952287CB7A400E93E82 /* Build configuration list for PBXNativeTarget "LoremPicsumApp" */ = {
			isa = XCConfigurationList;
			buildConfigurations = (
				20B23953287CB7A400E93E82 /* Debug */,
				20B23954287CB7A400E93E82 /* Release */,
			);
			defaultConfigurationIsVisible = 0;
			defaultConfigurationName = Release;
		};
/* End XCConfigurationList section */
	};
	rootObject = 20B23936287CB7A300E93E82 /* Project object */;
}
